
Microsoft Visual Studio Solution File, Format Version 12.00
# Visual Studio 15
VisualStudioVersion = 15.0.27428.2027
MinimumVisualStudioVersion = 10.0.40219.1
Project("{FAE04EC0-301F-11D3-BF4B-00C04F79EFBC}") = "DemoNavigation.Android", "DemoNavigation\DemoNavigation.Android\DemoNavigation.Android.csproj", "{33CD363D-7E42-460A-80E1-6C9D21A8463D}"
EndProject
Project("{FAE04EC0-301F-11D3-BF4B-00C04F79EFBC}") = "DemoNavigation.iOS", "DemoNavigation\DemoNavigation.iOS\DemoNavigation.iOS.csproj", "{A1B899B7-DFB0-4D8F-ACCE-E77291B00B61}"
EndProject
Project("{FAE04EC0-301F-11D3-BF4B-00C04F79EFBC}") = "DemoNavigation", "DemoNavigation\DemoNavigation\DemoNavigation.csproj", "{E0E5BE82-0BCA-4F7E-B8BD-5798349F480B}"
EndProject
Global
	GlobalSection(SolutionConfigurationPlatforms) = preSolution
		Ad-Hoc|Any CPU = Ad-Hoc|Any CPU
		Ad-Hoc|iPhone = Ad-Hoc|iPhone
		Ad-Hoc|iPhoneSimulator = Ad-Hoc|iPhoneSimulator
		AppStore|Any CPU = AppStore|Any CPU
		AppStore|iPhone = AppStore|iPhone
		AppStore|iPhoneSimulator = AppStore|iPhoneSimulator
		Debug|Any CPU = Debug|Any CPU
		Debug|iPhone = Debug|iPhone
		Debug|iPhoneSimulator = Debug|iPhoneSimulator
		Release|iPhone = Release|iPhone
		Release|iPhoneSimulator = Release|iPhoneSimulator
	EndGlobalSection
	GlobalSection(ProjectConfigurationPlatforms) = postSolution
		{33CD363D-7E42-460A-80E1-6C9D21A8463D}.Ad-Hoc|Any CPU.ActiveCfg = Release|Any CPU
		{33CD363D-7E42-460A-80E1-6C9D21A8463D}.Ad-Hoc|Any CPU.Build.0 = Release|Any CPU
		{33CD363D-7E42-460A-80E1-6C9D21A8463D}.Ad-Hoc|Any CPU.Deploy.0 = Release|Any CPU
		{33CD363D-7E42-460A-80E1-6C9D21A8463D}.Ad-Hoc|iPhone.ActiveCfg = Release|Any CPU
		{33CD363D-7E42-460A-80E1-6C9D21A8463D}.Ad-Hoc|iPhone.Build.0 = Release|Any CPU
		{33CD363D-7E42-460A-80E1-6C9D21A8463D}.Ad-Hoc|iPhone.Deploy.0 = Release|Any CPU
		{33CD363D-7E42-460A-80E1-6C9D21A8463D}.Ad-Hoc|iPhoneSimulator.ActiveCfg = Release|Any CPU
		{33CD363D-7E42-460A-80E1-6C9D21A8463D}.Ad-Hoc|iPhoneSimulator.Build.0 = Release|Any CPU
		{33CD363D-7E42-460A-80E1-6C9D21A8463D}.Ad-Hoc|iPhoneSimulator.Deploy.0 = Release|Any CPU
		{33CD363D-7E42-460A-80E1-6C9D21A8463D}.AppStore|Any CPU.ActiveCfg = Release|Any CPU
		{33CD363D-7E42-460A-80E1-6C9D21A8463D}.AppStore|Any CPU.Build.0 = Release|Any CPU
		{33CD363D-7E42-460A-80E1-6C9D21A8463D}.AppStore|Any CPU.Deploy.0 = Release|Any CPU
		{33CD363D-7E42-460A-80E1-6C9D21A8463D}.AppStore|iPhone.ActiveCfg = Release|Any CPU
		{33CD363D-7E42-460A-80E1-6C9D21A8463D}.AppStore|iPhone.Build.0 = Release|Any CPU
		{33CD363D-7E42-460A-80E1-6C9D21A8463D}.AppStore|iPhone.Deploy.0 = Release|Any CPU
		{33CD363D-7E42-460A-80E1-6C9D21A8463D}.AppStore|iPhoneSimulator.ActiveCfg = Release|Any CPU
		{33CD363D-7E42-460A-80E1-6C9D21A8463D}.AppStore|iPhoneSimulator.Build.0 = Release|Any CPU
		{33CD363D-7E42-460A-80E1-6C9D21A8463D}.AppStore|iPhoneSimulator.Deploy.0 = Release|Any CPU
		{33CD363D-7E42-460A-80E1-6C9D21A8463D}.Debug|Any CPU.ActiveCfg = Debug|Any CPU
		{33CD363D-7E42-460A-80E1-6C9D21A8463D}.Debug|Any CPU.Build.0 = Debug|Any CPU
		{33CD363D-7E42-460A-80E1-6C9D21A8463D}.Debug|Any CPU.Deploy.0 = Debug|Any CPU
		{33CD363D-7E42-460A-80E1-6C9D21A8463D}.Debug|iPhone.ActiveCfg = Debug|Any CPU
		{33CD363D-7E42-460A-80E1-6C9D21A8463D}.Debug|iPhone.Build.0 = Debug|Any CPU
		{33CD363D-7E42-460A-80E1-6C9D21A8463D}.Debug|iPhone.Deploy.0 = Debug|Any CPU
		{33CD363D-7E42-460A-80E1-6C9D21A8463D}.Debug|iPhoneSimulator.ActiveCfg = Debug|Any CPU
		{33CD363D-7E42-460A-80E1-6C9D21A8463D}.Debug|iPhoneSimulator.Build.0 = Debug|Any CPU
		{33CD363D-7E42-460A-80E1-6C9D21A8463D}.Debug|iPhoneSimulator.Deploy.0 = Debug|Any CPU
		{33CD363D-7E42-460A-80E1-6C9D21A8463D}.Release|Any CPU.ActiveCfg = Release|Any CPU
		{33CD363D-7E42-460A-80E1-6C9D21A8463D}.Release|Any CPU.Build.0 = Release|Any CPU
		{33CD363D-7E42-460A-80E1-6C9D21A8463D}.Release|Any CPU.Deploy.0 = Release|Any CPU
		{33CD363D-7E42-460A-80E1-6C9D21A8463D}.Release|iPhone.ActiveCfg = Release|Any CPU
		{33CD363D-7E42-460A-80E1-6C9D21A8463D}.Release|iPhone.Build.0 = Release|Any CPU
		{33CD363D-7E42-460A-80E1-6C9D21A8463D}.Release|iPhone.Deploy.0 = Release|Any CPU
		{33CD363D-7E42-460A-80E1-6C9D21A8463D}.Release|iPhoneSimulator.ActiveCfg = Release|Any CPU
		{33CD363D-7E42-460A-80E1-6C9D21A8463D}.Release|iPhoneSimulator.Build.0 = Release|Any CPU
		{33CD363D-7E42-460A-80E1-6C9D21A8463D}.Release|iPhoneSimulator.Deploy.0 = Release|Any CPU
		{A1B899B7-DFB0-4D8F-ACCE-E77291B00B61}.Ad-Hoc|Any CPU.ActiveCfg = Ad-Hoc|iPhone
		{A1B899B7-DFB0-4D8F-ACCE-E77291B00B61}.Ad-Hoc|iPhone.ActiveCfg = Ad-Hoc|iPhone
		{A1B899B7-DFB0-4D8F-ACCE-E77291B00B61}.Ad-Hoc|iPhone.Build.0 = Ad-Hoc|iPhone
		{A1B899B7-DFB0-4D8F-ACCE-E77291B00B61}.Ad-Hoc|iPhoneSimulator.ActiveCfg = Ad-Hoc|iPhoneSimulator
		{A1B899B7-DFB0-4D8F-ACCE-E77291B00B61}.Ad-Hoc|iPhoneSimulator.Build.0 = Ad-Hoc|iPhoneSimulator
		{A1B899B7-DFB0-4D8F-ACCE-E77291B00B61}.AppStore|Any CPU.ActiveCfg = AppStore|iPhone
		{A1B899B7-DFB0-4D8F-ACCE-E77291B00B61}.AppStore|iPhone.ActiveCfg = AppStore|iPhone
		{A1B899B7-DFB0-4D8F-ACCE-E77291B00B61}.AppStore|iPhone.Build.0 = AppStore|iPhone
		{A1B899B7-DFB0-4D8F-ACCE-E77291B00B61}.AppStore|iPhoneSimulator.ActiveCfg = AppStore|iPhoneSimulator
		{A1B899B7-DFB0-4D8F-ACCE-E77291B00B61}.AppStore|iPhoneSimulator.Build.0 = AppStore|iPhoneSimulator
		{A1B899B7-DFB0-4D8F-ACCE-E77291B00B61}.Debug|Any CPU.ActiveCfg = Debug|iPhone
		{A1B899B7-DFB0-4D8F-ACCE-E77291B00B61}.Debug|iPhone.ActiveCfg = Debug|iPhone
		{A1B899B7-DFB0-4D8F-ACCE-E77291B00B61}.Debug|iPhone.Build.0 = Debug|iPhone
		{A1B899B7-DFB0-4D8F-ACCE-E77291B00B61}.Debug|iPhoneSimulator.ActiveCfg = Debug|iPhoneSimulator
		{A1B899B7-DFB0-4D8F-ACCE-E77291B00B61}.Debug|iPhoneSimulator.Build.0 = Debug|iPhoneSimulator
		{A1B899B7-DFB0-4D8F-ACCE-E77291B00B61}.Release|Any CPU.ActiveCfg = Release|iPhone
		{A1B899B7-DFB0-4D8F-ACCE-E77291B00B61}.Release|iPhone.ActiveCfg = Release|iPhone
		{A1B899B7-DFB0-4D8F-ACCE-E77291B00B61}.Release|iPhone.Build.0 = Release|iPhone
		{A1B899B7-DFB0-4D8F-ACCE-E77291B00B61}.Release|iPhoneSimulator.ActiveCfg = Release|iPhoneSimulator
		{A1B899B7-DFB0-4D8F-ACCE-E77291B00B61}.Release|iPhoneSimulator.Build.0 = Release|iPhoneSimulator
		{E0E5BE82-0BCA-4F7E-B8BD-5798349F480B}.Ad-Hoc|Any CPU.ActiveCfg = Debug|Any CPU
		{E0E5BE82-0BCA-4F7E-B8BD-5798349F480B}.Ad-Hoc|Any CPU.Build.0 = Debug|Any CPU
		{E0E5BE82-0BCA-4F7E-B8BD-5798349F480B}.Ad-Hoc|iPhone.ActiveCfg = Debug|Any CPU
		{E0E5BE82-0BCA-4F7E-B8BD-5798349F480B}.Ad-Hoc|iPhone.Build.0 = Debug|Any CPU
		{E0E5BE82-0BCA-4F7E-B8BD-5798349F480B}.Ad-Hoc|iPhoneSimulator.ActiveCfg = Debug|Any CPU
		{E0E5BE82-0BCA-4F7E-B8BD-5798349F480B}.Ad-Hoc|iPhoneSimulator.Build.0 = Debug|Any CPU
		{E0E5BE82-0BCA-4F7E-B8BD-5798349F480B}.AppStore|Any CPU.ActiveCfg = Debug|Any CPU
		{E0E5BE82-0BCA-4F7E-B8BD-5798349F480B}.AppStore|Any CPU.Build.0 = Debug|Any CPU
		{E0E5BE82-0BCA-4F7E-B8BD-5798349F480B}.AppStore|iPhone.ActiveCfg = Debug|Any CPU
		{E0E5BE82-0BCA-4F7E-B8BD-5798349F480B}.AppStore|iPhone.Build.0 = Debug|Any CPU
		{E0E5BE82-0BCA-4F7E-B8BD-5798349F480B}.AppStore|iPhoneSimulator.ActiveCfg = Debug|Any CPU
		{E0E5BE82-0BCA-4F7E-B8BD-5798349F480B}.AppStore|iPhoneSimulator.Build.0 = Debug|Any CPU
		{E0E5BE82-0BCA-4F7E-B8BD-5798349F480B}.Debug|Any CPU.ActiveCfg = Debug|Any CPU
		{E0E5BE82-0BCA-4F7E-B8BD-5798349F480B}.Debug|Any CPU.Build.0 = Debug|Any CPU
		{E0E5BE82-0BCA-4F7E-B8BD-5798349F480B}.Debug|iPhone.ActiveCfg = Debug|Any CPU
		{E0E5BE82-0BCA-4F7E-B8BD-5798349F480B}.Debug|iPhone.Build.0 = Debug|Any CPU
		{E0E5BE82-0BCA-4F7E-B8BD-5798349F480B}.Debug|iPhoneSimulator.ActiveCfg = Debug|Any CPU
		{E0E5BE82-0BCA-4F7E-B8BD-5798349F480B}.Debug|iPhoneSimulator.Build.0 = Debug|Any CPU
		{E0E5BE82-0BCA-4F7E-B8BD-5798349F480B}.Release|Any CPU.ActiveCfg = Release|Any CPU
		{E0E5BE82-0BCA-4F7E-B8BD-5798349F480B}.Release|Any CPU.Build.0 = Release|Any CPU
		{E0E5BE82-0BCA-4F7E-B8BD-5798349F480B}.Release|iPhone.ActiveCfg = Release|Any CPU
		{E0E5BE82-0BCA-4F7E-B8BD-5798349F480B}.Release|iPhone.Build.0 = Release|Any CPU
		{E0E5BE82-0BCA-4F7E-B8BD-5798349F480B}.Release|iPhoneSimulator.ActiveCfg = Release|Any CPU
		{E0E5BE82-0BCA-4F7E-B8BD-5798349F480B}.Release|iPhoneSimulator.Build.0 = Release|Any CPU
	EndGlobalSection
	GlobalSection(SolutionProperties) = preSolution
		HideSolutionNode = FALSE
	EndGlobalSection
	GlobalSection(ExtensibilityGlobals) = postSolution
		SolutionGuid = {FC575066-819D-45DE-B252-C361A31E3E11}
	EndGlobalSection
EndGlobal
